
Microsoft Visual Studio Solution File, Format Version 12.00
# Visual Studio 14
VisualStudioVersion = 14.0.25123.0
MinimumVisualStudioVersion = 10.0.40219.1
Project("{FAE04EC0-301F-11D3-BF4B-00C04F79EFBC}") = "MyShop.Core", "MyShop.Core\MyShop.Core.csproj", "{F3007614-794B-4F6F-A854-E10780EE115D}"
EndProject
Project("{2150E333-8FDC-42A3-9474-1A3956D46DE8}") = "3 Business", "3 Business", "{E4C79F3F-DCB6-44A4-B300-BFF43B962973}"
EndProject
Project("{2150E333-8FDC-42A3-9474-1A3956D46DE8}") = "1 Infrastructure", "1 Infrastructure", "{684EF91D-D6D8-4064-85AA-B8DFE7574237}"
EndProject
Project("{2150E333-8FDC-42A3-9474-1A3956D46DE8}") = "4 Presentation", "4 Presentation", "{C5B378F8-3CD3-4282-BE1C-9DE669FF6873}"
EndProject
Project("{FAE04EC0-301F-11D3-BF4B-00C04F79EFBC}") = "MyShop.Console", "MyShop.Console\MyShop.Console.csproj", "{D030C863-DF9A-4C5B-8E25-774AD8E79A1E}"
EndProject
Project("{FAE04EC0-301F-11D3-BF4B-00C04F79EFBC}") = "MyShop.Web", "MyShop.Web\MyShop.Web.csproj", "{B44FE51E-209F-41D6-B83D-4470FEED996F}"
EndProject
Project("{FAE04EC0-301F-11D3-BF4B-00C04F79EFBC}") = "MyShop.Android", "MyShop.Android\MyShop.Android.csproj", "{698C4C60-7102-4A9F-B77A-FA3CD4A516FF}"
EndProject
Project("{FAE04EC0-301F-11D3-BF4B-00C04F79EFBC}") = "MyShop.Services", "MyShop.Services\MyShop.Services.csproj", "{DA01FF3E-4D74-492D-B56C-90442CF36607}"
EndProject
Project("{FAE04EC0-301F-11D3-BF4B-00C04F79EFBC}") = "MyShop.Data", "MyShop.Data\MyShop.Data.csproj", "{D093A15C-C405-4397-947E-17C0E97D55FD}"
EndProject
Project("{FAE04EC0-301F-11D3-BF4B-00C04F79EFBC}") = "MyShop.DTO", "MyShop.DTO\MyShop.DTO.csproj", "{D9E01FB6-F9AA-4C8E-9A60-0B8510FDF580}"
EndProject
Project("{FAE04EC0-301F-11D3-BF4B-00C04F79EFBC}") = "MyShop.XForms", "MyShop.XForms\MyShop.XForms.csproj", "{67F9D3A8-F71E-4428-913F-C37AE82CDB24}"
EndProject
Project("{2150E333-8FDC-42A3-9474-1A3956D46DE8}") = "2 Data", "2 Data", "{805B6F8A-0DB4-4C0A-B012-0E5FEC830E2F}"
EndProject
Project("{2150E333-8FDC-42A3-9474-1A3956D46DE8}") = "0 Backend", "0 Backend", "{4CF7E2F2-1354-4D03-959A-63A3BFB59368}"
EndProject
Project("{FAE04EC0-301F-11D3-BF4B-00C04F79EFBC}") = "supertasksService", "MyShop.AzureBackend\supertasksService.csproj", "{209FA716-A7AD-4095-BD70-C8710FC66FA7}"
EndProject
Global
	GlobalSection(SolutionConfigurationPlatforms) = preSolution
		Debug|Any CPU = Debug|Any CPU
		Release|Any CPU = Release|Any CPU
	EndGlobalSection
	GlobalSection(ProjectConfigurationPlatforms) = postSolution
		{F3007614-794B-4F6F-A854-E10780EE115D}.Debug|Any CPU.ActiveCfg = Debug|Any CPU
		{F3007614-794B-4F6F-A854-E10780EE115D}.Debug|Any CPU.Build.0 = Debug|Any CPU
		{F3007614-794B-4F6F-A854-E10780EE115D}.Release|Any CPU.ActiveCfg = Release|Any CPU
		{F3007614-794B-4F6F-A854-E10780EE115D}.Release|Any CPU.Build.0 = Release|Any CPU
		{D030C863-DF9A-4C5B-8E25-774AD8E79A1E}.Debug|Any CPU.ActiveCfg = Debug|Any CPU
		{D030C863-DF9A-4C5B-8E25-774AD8E79A1E}.Debug|Any CPU.Build.0 = Debug|Any CPU
		{D030C863-DF9A-4C5B-8E25-774AD8E79A1E}.Release|Any CPU.ActiveCfg = Release|Any CPU
		{D030C863-DF9A-4C5B-8E25-774AD8E79A1E}.Release|Any CPU.Build.0 = Release|Any CPU
		{B44FE51E-209F-41D6-B83D-4470FEED996F}.Debug|Any CPU.ActiveCfg = Debug|Any CPU
		{B44FE51E-209F-41D6-B83D-4470FEED996F}.Debug|Any CPU.Build.0 = Debug|Any CPU
		{B44FE51E-209F-41D6-B83D-4470FEED996F}.Release|Any CPU.ActiveCfg = Release|Any CPU
		{B44FE51E-209F-41D6-B83D-4470FEED996F}.Release|Any CPU.Build.0 = Release|Any CPU
		{698C4C60-7102-4A9F-B77A-FA3CD4A516FF}.Debug|Any CPU.ActiveCfg = Debug|Any CPU
		{698C4C60-7102-4A9F-B77A-FA3CD4A516FF}.Debug|Any CPU.Build.0 = Debug|Any CPU
		{698C4C60-7102-4A9F-B77A-FA3CD4A516FF}.Debug|Any CPU.Deploy.0 = Debug|Any CPU
		{698C4C60-7102-4A9F-B77A-FA3CD4A516FF}.Release|Any CPU.ActiveCfg = Release|Any CPU
		{698C4C60-7102-4A9F-B77A-FA3CD4A516FF}.Release|Any CPU.Build.0 = Release|Any CPU
		{698C4C60-7102-4A9F-B77A-FA3CD4A516FF}.Release|Any CPU.Deploy.0 = Release|Any CPU
		{DA01FF3E-4D74-492D-B56C-90442CF36607}.Debug|Any CPU.ActiveCfg = Debug|Any CPU
		{DA01FF3E-4D74-492D-B56C-90442CF36607}.Debug|Any CPU.Build.0 = Debug|Any CPU
		{DA01FF3E-4D74-492D-B56C-90442CF36607}.Release|Any CPU.ActiveCfg = Release|Any CPU
		{DA01FF3E-4D74-492D-B56C-90442CF36607}.Release|Any CPU.Build.0 = Release|Any CPU
		{D093A15C-C405-4397-947E-17C0E97D55FD}.Debug|Any CPU.ActiveCfg = Debug|Any CPU
		{D093A15C-C405-4397-947E-17C0E97D55FD}.Debug|Any CPU.Build.0 = Debug|Any CPU
		{D093A15C-C405-4397-947E-17C0E97D55FD}.Release|Any CPU.ActiveCfg = Release|Any CPU
		{D093A15C-C405-4397-947E-17C0E97D55FD}.Release|Any CPU.Build.0 = Release|Any CPU
		{D9E01FB6-F9AA-4C8E-9A60-0B8510FDF580}.Debug|Any CPU.ActiveCfg = Debug|Any CPU
		{D9E01FB6-F9AA-4C8E-9A60-0B8510FDF580}.Debug|Any CPU.Build.0 = Debug|Any CPU
		{D9E01FB6-F9AA-4C8E-9A60-0B8510FDF580}.Release|Any CPU.ActiveCfg = Release|Any CPU
		{D9E01FB6-F9AA-4C8E-9A60-0B8510FDF580}.Release|Any CPU.Build.0 = Release|Any CPU
		{67F9D3A8-F71E-4428-913F-C37AE82CDB24}.Debug|Any CPU.ActiveCfg = Debug|Any CPU
		{67F9D3A8-F71E-4428-913F-C37AE82CDB24}.Debug|Any CPU.Build.0 = Debug|Any CPU
		{67F9D3A8-F71E-4428-913F-C37AE82CDB24}.Release|Any CPU.ActiveCfg = Release|Any CPU
		{67F9D3A8-F71E-4428-913F-C37AE82CDB24}.Release|Any CPU.Build.0 = Release|Any CPU
		{209FA716-A7AD-4095-BD70-C8710FC66FA7}.Debug|Any CPU.ActiveCfg = Debug|Any CPU
		{209FA716-A7AD-4095-BD70-C8710FC66FA7}.Debug|Any CPU.Build.0 = Debug|Any CPU
		{209FA716-A7AD-4095-BD70-C8710FC66FA7}.Release|Any CPU.ActiveCfg = Release|Any CPU
		{209FA716-A7AD-4095-BD70-C8710FC66FA7}.Release|Any CPU.Build.0 = Release|Any CPU
	EndGlobalSection
	GlobalSection(SolutionProperties) = preSolution
		HideSolutionNode = FALSE
	EndGlobalSection
	GlobalSection(NestedProjects) = preSolution
		{F3007614-794B-4F6F-A854-E10780EE115D} = {684EF91D-D6D8-4064-85AA-B8DFE7574237}
		{D030C863-DF9A-4C5B-8E25-774AD8E79A1E} = {C5B378F8-3CD3-4282-BE1C-9DE669FF6873}
		{B44FE51E-209F-41D6-B83D-4470FEED996F} = {C5B378F8-3CD3-4282-BE1C-9DE669FF6873}
		{698C4C60-7102-4A9F-B77A-FA3CD4A516FF} = {C5B378F8-3CD3-4282-BE1C-9DE669FF6873}
		{DA01FF3E-4D74-492D-B56C-90442CF36607} = {E4C79F3F-DCB6-44A4-B300-BFF43B962973}
		{D093A15C-C405-4397-947E-17C0E97D55FD} = {805B6F8A-0DB4-4C0A-B012-0E5FEC830E2F}
		{D9E01FB6-F9AA-4C8E-9A60-0B8510FDF580} = {684EF91D-D6D8-4064-85AA-B8DFE7574237}
		{67F9D3A8-F71E-4428-913F-C37AE82CDB24} = {C5B378F8-3CD3-4282-BE1C-9DE669FF6873}
		{209FA716-A7AD-4095-BD70-C8710FC66FA7} = {4CF7E2F2-1354-4D03-959A-63A3BFB59368}
	EndGlobalSection
EndGlobal
